
Microsoft Visual Studio Solution File, Format Version 12.00
# Visual Studio Version 17
VisualStudioVersion = 17.2.32630.192
MinimumVisualStudioVersion = 10.0.40219.1
Project("{9A19103F-16F7-4668-BE54-9A1E7A4F7556}") = "pz_8(исправленный)", "pz_8(исправленный)\pz_8(исправленный).csproj", "{E33851C1-177E-4490-85EF-0DDDA42D4F9F}"
EndProject
Project("{9A19103F-16F7-4668-BE54-9A1E7A4F7556}") = "pz_9", "pz_9\pz_9.csproj", "{336206A9-0144-47B5-9083-36DB51DC218A}"
EndProject
Project("{9A19103F-16F7-4668-BE54-9A1E7A4F7556}") = "pz_10", "pz_10\pz_10.csproj", "{FD623C29-D40A-4F64-81E0-73E0347A7E57}"
EndProject
Project("{9A19103F-16F7-4668-BE54-9A1E7A4F7556}") = "pz_5", "pz_5\pz_5.csproj", "{57A7AA6F-F065-4D76-8EAC-7C1CEA6E8744}"
EndProject
Project("{9A19103F-16F7-4668-BE54-9A1E7A4F7556}") = "pz_6", "pz_6\pz_6.csproj", "{ECAEA8FB-E7E1-4FB3-850F-9969DC8495BD}"
EndProject
Project("{9A19103F-16F7-4668-BE54-9A1E7A4F7556}") = "pz_7", "pz_7\pz_7.csproj", "{0DDFC159-51DD-4073-8523-BEE312F77FD6}"
EndProject
Project("{9A19103F-16F7-4668-BE54-9A1E7A4F7556}") = "pz_11", "pz_11\pz_11.csproj", "{3699D752-EC31-46E3-8CBB-7271152ED10C}"
EndProject
Project("{9A19103F-16F7-4668-BE54-9A1E7A4F7556}") = "pz_13", "pz_12\pz_13.csproj", "{00BB4D44-3E95-40AE-8EAE-F2648488C67D}"
EndProject
Project("{9A19103F-16F7-4668-BE54-9A1E7A4F7556}") = "pz_12", "pz_13\pz_12.csproj", "{DB5D97CB-B788-4114-92F0-36B0462EF557}"
EndProject
Global
	GlobalSection(SolutionConfigurationPlatforms) = preSolution
		Debug|Any CPU = Debug|Any CPU
		Release|Any CPU = Release|Any CPU
	EndGlobalSection
	GlobalSection(ProjectConfigurationPlatforms) = postSolution
		{E33851C1-177E-4490-85EF-0DDDA42D4F9F}.Debug|Any CPU.ActiveCfg = Debug|Any CPU
		{E33851C1-177E-4490-85EF-0DDDA42D4F9F}.Debug|Any CPU.Build.0 = Debug|Any CPU
		{E33851C1-177E-4490-85EF-0DDDA42D4F9F}.Release|Any CPU.ActiveCfg = Release|Any CPU
		{E33851C1-177E-4490-85EF-0DDDA42D4F9F}.Release|Any CPU.Build.0 = Release|Any CPU
		{336206A9-0144-47B5-9083-36DB51DC218A}.Debug|Any CPU.ActiveCfg = Debug|Any CPU
		{336206A9-0144-47B5-9083-36DB51DC218A}.Debug|Any CPU.Build.0 = Debug|Any CPU
		{336206A9-0144-47B5-9083-36DB51DC218A}.Release|Any CPU.ActiveCfg = Release|Any CPU
		{336206A9-0144-47B5-9083-36DB51DC218A}.Release|Any CPU.Build.0 = Release|Any CPU
		{FD623C29-D40A-4F64-81E0-73E0347A7E57}.Debug|Any CPU.ActiveCfg = Debug|Any CPU
		{FD623C29-D40A-4F64-81E0-73E0347A7E57}.Debug|Any CPU.Build.0 = Debug|Any CPU
		{FD623C29-D40A-4F64-81E0-73E0347A7E57}.Release|Any CPU.ActiveCfg = Release|Any CPU
		{FD623C29-D40A-4F64-81E0-73E0347A7E57}.Release|Any CPU.Build.0 = Release|Any CPU
		{57A7AA6F-F065-4D76-8EAC-7C1CEA6E8744}.Debug|Any CPU.ActiveCfg = Debug|Any CPU
		{57A7AA6F-F065-4D76-8EAC-7C1CEA6E8744}.Debug|Any CPU.Build.0 = Debug|Any CPU
		{57A7AA6F-F065-4D76-8EAC-7C1CEA6E8744}.Release|Any CPU.ActiveCfg = Release|Any CPU
		{57A7AA6F-F065-4D76-8EAC-7C1CEA6E8744}.Release|Any CPU.Build.0 = Release|Any CPU
		{ECAEA8FB-E7E1-4FB3-850F-9969DC8495BD}.Debug|Any CPU.ActiveCfg = Debug|Any CPU
		{ECAEA8FB-E7E1-4FB3-850F-9969DC8495BD}.Debug|Any CPU.Build.0 = Debug|Any CPU
		{ECAEA8FB-E7E1-4FB3-850F-9969DC8495BD}.Release|Any CPU.ActiveCfg = Release|Any CPU
		{ECAEA8FB-E7E1-4FB3-850F-9969DC8495BD}.Release|Any CPU.Build.0 = Release|Any CPU
		{0DDFC159-51DD-4073-8523-BEE312F77FD6}.Debug|Any CPU.ActiveCfg = Debug|Any CPU
		{0DDFC159-51DD-4073-8523-BEE312F77FD6}.Debug|Any CPU.Build.0 = Debug|Any CPU
		{0DDFC159-51DD-4073-8523-BEE312F77FD6}.Release|Any CPU.ActiveCfg = Release|Any CPU
		{0DDFC159-51DD-4073-8523-BEE312F77FD6}.Release|Any CPU.Build.0 = Release|Any CPU
		{3699D752-EC31-46E3-8CBB-7271152ED10C}.Debug|Any CPU.ActiveCfg = Debug|Any CPU
		{3699D752-EC31-46E3-8CBB-7271152ED10C}.Debug|Any CPU.Build.0 = Debug|Any CPU
		{3699D752-EC31-46E3-8CBB-7271152ED10C}.Release|Any CPU.ActiveCfg = Release|Any CPU
		{3699D752-EC31-46E3-8CBB-7271152ED10C}.Release|Any CPU.Build.0 = Release|Any CPU
		{00BB4D44-3E95-40AE-8EAE-F2648488C67D}.Debug|Any CPU.ActiveCfg = Debug|Any CPU
		{00BB4D44-3E95-40AE-8EAE-F2648488C67D}.Debug|Any CPU.Build.0 = Debug|Any CPU
		{00BB4D44-3E95-40AE-8EAE-F2648488C67D}.Release|Any CPU.ActiveCfg = Release|Any CPU
		{00BB4D44-3E95-40AE-8EAE-F2648488C67D}.Release|Any CPU.Build.0 = Release|Any CPU
		{DB5D97CB-B788-4114-92F0-36B0462EF557}.Debug|Any CPU.ActiveCfg = Debug|Any CPU
		{DB5D97CB-B788-4114-92F0-36B0462EF557}.Debug|Any CPU.Build.0 = Debug|Any CPU
		{DB5D97CB-B788-4114-92F0-36B0462EF557}.Release|Any CPU.ActiveCfg = Release|Any CPU
		{DB5D97CB-B788-4114-92F0-36B0462EF557}.Release|Any CPU.Build.0 = Release|Any CPU
	EndGlobalSection
	GlobalSection(SolutionProperties) = preSolution
		HideSolutionNode = FALSE
	EndGlobalSection
	GlobalSection(ExtensibilityGlobals) = postSolution
		SolutionGuid = {95B243D1-7176-46BE-AC06-B7B778BEB633}
	EndGlobalSection
EndGlobal
